{
  "name": "@castingcode/tuicast-cli",
  "version": "0.0.0-development",
  "lockfileVersion": 3,
  "requires": true,
  "packages": {
    "": {
      "name": "@castingcode/tuicast-cli",
      "version": "0.0.0-development",
      "hasInstallScript": true,
      "license": "MIT",
      "bin": {
        "reference-tui": "bin/reference-tui.cjs",
        "tuicast-driver": "bin/tuicast-driver.cjs"
      },
      "engines": {
        "node": ">=18"
      }
    }
  }
}
